
Microsoft Visual Studio Solution File, Format Version 12.00
# Visual Studio 15
VisualStudioVersion = 15.0.26430.16
MinimumVisualStudioVersion = 10.0.40219.1
Project("{FAE04EC0-301F-11D3-BF4B-00C04F79EFBC}") = "V.Doc_Data", "V.Doc_Data\V.Doc_Data.csproj", "{9F6D478C-84EE-4487-B8D8-1A838FC7B804}"
EndProject
Project("{FAE04EC0-301F-11D3-BF4B-00C04F79EFBC}") = "V.Doc_Entity", "V.Doc_Entity\V.Doc_Entity.csproj", "{CD881425-83B5-47C2-92A7-91FD69EF5B89}"
EndProject
Project("{FAE04EC0-301F-11D3-BF4B-00C04F79EFBC}") = "V.Doc_Service", "V.Doc_Service\V.Doc_Service.csproj", "{8FDEA4E2-5FC7-4145-8A6F-F3DFA3979C6F}"
EndProject
Project("{FAE04EC0-301F-11D3-BF4B-00C04F79EFBC}") = "V.Doc_Utilities", "V.Doc_Utilities\V.Doc_Utilities.csproj", "{1FD2DB16-23C2-492E-BB64-179197C4CA96}"
EndProject
Project("{FAE04EC0-301F-11D3-BF4B-00C04F79EFBC}") = "V.Doc", "V.Doc\V.Doc.csproj", "{7712934F-4369-4C5C-A4CF-EB794893A946}"
EndProject
Global
	GlobalSection(SolutionConfigurationPlatforms) = preSolution
		Debug|Any CPU = Debug|Any CPU
		Release|Any CPU = Release|Any CPU
	EndGlobalSection
	GlobalSection(ProjectConfigurationPlatforms) = postSolution
		{9F6D478C-84EE-4487-B8D8-1A838FC7B804}.Debug|Any CPU.ActiveCfg = Debug|Any CPU
		{9F6D478C-84EE-4487-B8D8-1A838FC7B804}.Debug|Any CPU.Build.0 = Debug|Any CPU
		{9F6D478C-84EE-4487-B8D8-1A838FC7B804}.Release|Any CPU.ActiveCfg = Release|Any CPU
		{9F6D478C-84EE-4487-B8D8-1A838FC7B804}.Release|Any CPU.Build.0 = Release|Any CPU
		{CD881425-83B5-47C2-92A7-91FD69EF5B89}.Debug|Any CPU.ActiveCfg = Debug|Any CPU
		{CD881425-83B5-47C2-92A7-91FD69EF5B89}.Debug|Any CPU.Build.0 = Debug|Any CPU
		{CD881425-83B5-47C2-92A7-91FD69EF5B89}.Release|Any CPU.ActiveCfg = Release|Any CPU
		{CD881425-83B5-47C2-92A7-91FD69EF5B89}.Release|Any CPU.Build.0 = Release|Any CPU
		{8FDEA4E2-5FC7-4145-8A6F-F3DFA3979C6F}.Debug|Any CPU.ActiveCfg = Debug|Any CPU
		{8FDEA4E2-5FC7-4145-8A6F-F3DFA3979C6F}.Debug|Any CPU.Build.0 = Debug|Any CPU
		{8FDEA4E2-5FC7-4145-8A6F-F3DFA3979C6F}.Release|Any CPU.ActiveCfg = Release|Any CPU
		{8FDEA4E2-5FC7-4145-8A6F-F3DFA3979C6F}.Release|Any CPU.Build.0 = Release|Any CPU
		{1FD2DB16-23C2-492E-BB64-179197C4CA96}.Debug|Any CPU.ActiveCfg = Debug|Any CPU
		{1FD2DB16-23C2-492E-BB64-179197C4CA96}.Debug|Any CPU.Build.0 = Debug|Any CPU
		{1FD2DB16-23C2-492E-BB64-179197C4CA96}.Release|Any CPU.ActiveCfg = Release|Any CPU
		{1FD2DB16-23C2-492E-BB64-179197C4CA96}.Release|Any CPU.Build.0 = Release|Any CPU
		{7712934F-4369-4C5C-A4CF-EB794893A946}.Debug|Any CPU.ActiveCfg = Debug|Any CPU
		{7712934F-4369-4C5C-A4CF-EB794893A946}.Debug|Any CPU.Build.0 = Debug|Any CPU
		{7712934F-4369-4C5C-A4CF-EB794893A946}.Release|Any CPU.ActiveCfg = Release|Any CPU
		{7712934F-4369-4C5C-A4CF-EB794893A946}.Release|Any CPU.Build.0 = Release|Any CPU
	EndGlobalSection
	GlobalSection(SolutionProperties) = preSolution
		HideSolutionNode = FALSE
	EndGlobalSection
EndGlobal
